
Microsoft Visual Studio Solution File, Format Version 12.00
# Visual Studio Version 17
VisualStudioVersion = 17.2.32516.85
MinimumVisualStudioVersion = 10.0.40219.1
Project("{FAE04EC0-301F-11D3-BF4B-00C04F79EFBC}") = "CirclesLab", "CirclesLab\CirclesLab.csproj", "{C0974C4F-198F-4F6E-9E22-4E69C38318D9}"
EndProject
Global
	GlobalSection(SolutionConfigurationPlatforms) = preSolution
		Debug|Any CPU = Debug|Any CPU
		Release|Any CPU = Release|Any CPU
	EndGlobalSection
	GlobalSection(ProjectConfigurationPlatforms) = postSolution
		{C0974C4F-198F-4F6E-9E22-4E69C38318D9}.Debug|Any CPU.ActiveCfg = Debug|Any CPU
		{C0974C4F-198F-4F6E-9E22-4E69C38318D9}.Debug|Any CPU.Build.0 = Debug|Any CPU
		{C0974C4F-198F-4F6E-9E22-4E69C38318D9}.Release|Any CPU.ActiveCfg = Release|Any CPU
		{C0974C4F-198F-4F6E-9E22-4E69C38318D9}.Release|Any CPU.Build.0 = Release|Any CPU
	EndGlobalSection
	GlobalSection(SolutionProperties) = preSolution
		HideSolutionNode = FALSE
	EndGlobalSection
	GlobalSection(ExtensibilityGlobals) = postSolution
		SolutionGuid = {5132FF3D-8EC3-4EC0-9667-C7861264BD70}
	EndGlobalSection
EndGlobal
